<?xml version="1.0" encoding="utf-8"?>
<Project ToolsVersion="4.0" xmlns="http://schemas.microsoft.com/developer/msbuild/2003">
  <ItemGroup>
    <Filter Include="Source Files">
      <UniqueIdentifier>{4FC737F1-C7A5-4376-A066-2A32D752A2FF}</UniqueIdentifier>
      <Extensions>cpp;c;cc;cxx;def;odl;idl;hpj;bat;asm;asmx</Extensions>
    </Filter>
    <Filter Include="Header Files">
      <UniqueIdentifier>{93995380-89BD-4b04-88EB-625FBE52EBFB}</UniqueIdentifier>
      <Extensions>h;hh;hpp;hxx;hm;inl;inc;xsd</Extensions>
    </Filter>
    <Filter Include="Resource Files">
      <UniqueIdentifier>{67DA6AB6-F800-4c08-8B7A-83BB121AAD01}</UniqueIdentifier>
      <Extensions>rc;ico;cur;bmp;dlg;rc2;rct;bin;rgs;gif;jpg;jpeg;jpe;resx;tiff;tif;png;wav;mfcribbon-ms</Extensions>
    </Filter>
    <Filter Include="Header Files\DirectX">
      <UniqueIdentifier>{9428233e-278a-42c7-af8f-7d3c4674b85c}</UniqueIdentifier>
    </Filter>
    <Filter Include="Header Files\Driver">
      <UniqueIdentifier>{33f20fa3-f19e-4fc0-97f8-c037197e3b18}</UniqueIdentifier>
    </Filter>
    <Filter Include="Header Files\Game">
      <UniqueIdentifier>{3ade7b79-8707-4c01-948d-2c36430ca2e7}</UniqueIdentifier>
    </Filter>
    <Filter Include="Source Files\DirectX">
      <UniqueIdentifier>{e40cfa23-8e52-46a6-a655-35ab16f83c30}</UniqueIdentifier>
    </Filter>
    <Filter Include="Source Files\Driver">
      <UniqueIdentifier>{d4f07d0c-91b3-4e93-ae11-15889a66f3a5}</UniqueIdentifier>
    </Filter>
    <Filter Include="Source Files\Game">
      <UniqueIdentifier>{69968a4f-7eda-48b5-9331-e13599ed5f43}</UniqueIdentifier>
    </Filter>
  </ItemGroup>
  <ItemGroup>
    <ClCompile Include="main.cpp">
      <Filter>Source Files</Filter>
    </ClCompile>
    <ClCompile Include="d3Console.cpp">
      <Filter>Source Files\DirectX</Filter>
    </ClCompile>
    <ClCompile Include="D3D9_Menu.cpp">
      <Filter>Source Files\DirectX</Filter>
    </ClCompile>
    <ClCompile Include="renderManager.cpp">
      <Filter>Source Files\DirectX</Filter>
    </ClCompile>
    <ClCompile Include="driverManager.cpp">
      <Filter>Source Files\Driver</Filter>
    </ClCompile>
    <ClCompile Include="Memory.cpp">
      <Filter>Source Files\Driver</Filter>
    </ClCompile>
    <ClCompile Include="Drawer.cpp">
      <Filter>Source Files\Game</Filter>
    </ClCompile>
    <ClCompile Include="Setter.cpp">
      <Filter>Source Files\Game</Filter>
    </ClCompile>
    <ClCompile Include="Entity.cpp">
      <Filter>Source Files\Game</Filter>
    </ClCompile>
  </ItemGroup>
  <ItemGroup>
    <ClInclude Include="main.h">
      <Filter>Header Files</Filter>
    </ClInclude>
    <ClInclude Include="d3Console.h">
      <Filter>Header Files\DirectX</Filter>
    </ClInclude>
    <ClInclude Include="D3D9_Menu.h">
      <Filter>Header Files\DirectX</Filter>
    </ClInclude>
    <ClInclude Include="renderManager.h">
      <Filter>Header Files\DirectX</Filter>
    </ClInclude>
    <ClInclude Include="driverManager.h">
      <Filter>Header Files\Driver</Filter>
    </ClInclude>
    <ClInclude Include="IOCTL.h">
      <Filter>Header Files\Driver</Filter>
    </ClInclude>
    <ClInclude Include="Drawer.h">
      <Filter>Header Files\Game</Filter>
    </ClInclude>
    <ClInclude Include="Engine.h">
      <Filter>Header Files\Game</Filter>
    </ClInclude>
    <ClInclude Include="Memory.h">
      <Filter>Header Files\Driver</Filter>
    </ClInclude>
    <ClInclude Include="Logger.h">
      <Filter>Header Files</Filter>
    </ClInclude>
    <ClInclude Include="Entity.h">
      <Filter>Header Files\Game</Filter>
    </ClInclude>
  </ItemGroup>
</Project>